# This file is generated by running "yarn install" inside your project.
# Manual changes might be lost - proceed with caution!

__metadata:
  version: 4
  cacheKey: 7

"@mono-repo/repo-1@workspace:packages/repo-1":
  version: 0.0.0-use.local
  resolution: "@mono-repo/repo-1@workspace:packages/repo-1"
  dependencies:
    "@mono-repo/repo-2": 1.0.0
    bootstrap: ^5.0.2
  languageName: unknown
  linkType: soft

"@mono-repo/repo-2@1.0.0, @mono-repo/repo-2@workspace:packages/repo-2":
  version: 0.0.0-use.local
  resolution: "@mono-repo/repo-2@workspace:packages/repo-2"
  languageName: unknown
  linkType: soft

"bootstrap@npm:^5.0.2":
  version: 5.0.2
  resolution: "bootstrap@npm:5.0.2"
  peerDependencies:
    "@popperjs/core": ^2.9.2
  checksum: 5074006f6bdd28f476c9154c3b0945997ad16999564d9b1f0f5aea1ed2083eeeda12619be87ec47da88ff131d6a06a42fea739794c54f487434a14f849c4c187
  languageName: node
  linkType: hard

"mono-repo@workspace:.":
  version: 0.0.0-use.local
  resolution: "mono-repo@workspace:."
  languageName: unknown
  linkType: soft
